
Microsoft Visual Studio Solution File, Format Version 12.00
# Visual Studio Version 17
VisualStudioVersion = 17.5.002.0
MinimumVisualStudioVersion = 10.0.40219.1
Project("{9A19103F-16F7-4668-BE54-9A1E7A4F7556}") = "WebAppWithForm", "WebAppWithForm.csproj", "{7E8554F7-9D67-4C0A-A4D1-BCCCAC63ED8E}"
EndProject
Global
	GlobalSection(SolutionConfigurationPlatforms) = preSolution
		Debug|Any CPU = Debug|Any CPU
		Release|Any CPU = Release|Any CPU
	EndGlobalSection
	GlobalSection(ProjectConfigurationPlatforms) = postSolution
		{7E8554F7-9D67-4C0A-A4D1-BCCCAC63ED8E}.Debug|Any CPU.ActiveCfg = Debug|Any CPU
		{7E8554F7-9D67-4C0A-A4D1-BCCCAC63ED8E}.Debug|Any CPU.Build.0 = Debug|Any CPU
		{7E8554F7-9D67-4C0A-A4D1-BCCCAC63ED8E}.Release|Any CPU.ActiveCfg = Release|Any CPU
		{7E8554F7-9D67-4C0A-A4D1-BCCCAC63ED8E}.Release|Any CPU.Build.0 = Release|Any CPU
	EndGlobalSection
	GlobalSection(SolutionProperties) = preSolution
		HideSolutionNode = FALSE
	EndGlobalSection
	GlobalSection(ExtensibilityGlobals) = postSolution
		SolutionGuid = {01BE5692-38EE-4CD8-B9EB-43A3BCF59AD3}
	EndGlobalSection
EndGlobal
